
Microsoft Visual Studio Solution File, Format Version 12.00
# Visual Studio Version 16
VisualStudioVersion = 16.0.31005.135
MinimumVisualStudioVersion = 10.0.40219.1
Project("{9A19103F-16F7-4668-BE54-9A1E7A4F7556}") = "PetWebProject", "PetWebProject\PetWebProject.csproj", "{C30C1E2C-CDDB-472F-97A6-9094B813D89A}"
EndProject
Project("{9A19103F-16F7-4668-BE54-9A1E7A4F7556}") = "EFDataAccessLibrary", "EFAccessDataLibrary\EFDataAccessLibrary.csproj", "{DA99931E-9DB7-4DA2-BF88-7B0B5FE1391C}"
EndProject
Global
	GlobalSection(SolutionConfigurationPlatforms) = preSolution
		Debug|Any CPU = Debug|Any CPU
		Release|Any CPU = Release|Any CPU
	EndGlobalSection
	GlobalSection(ProjectConfigurationPlatforms) = postSolution
		{C30C1E2C-CDDB-472F-97A6-9094B813D89A}.Debug|Any CPU.ActiveCfg = Debug|Any CPU
		{C30C1E2C-CDDB-472F-97A6-9094B813D89A}.Debug|Any CPU.Build.0 = Debug|Any CPU
		{C30C1E2C-CDDB-472F-97A6-9094B813D89A}.Release|Any CPU.ActiveCfg = Release|Any CPU
		{C30C1E2C-CDDB-472F-97A6-9094B813D89A}.Release|Any CPU.Build.0 = Release|Any CPU
		{DA99931E-9DB7-4DA2-BF88-7B0B5FE1391C}.Debug|Any CPU.ActiveCfg = Debug|Any CPU
		{DA99931E-9DB7-4DA2-BF88-7B0B5FE1391C}.Debug|Any CPU.Build.0 = Debug|Any CPU
		{DA99931E-9DB7-4DA2-BF88-7B0B5FE1391C}.Release|Any CPU.ActiveCfg = Release|Any CPU
		{DA99931E-9DB7-4DA2-BF88-7B0B5FE1391C}.Release|Any CPU.Build.0 = Release|Any CPU
	EndGlobalSection
	GlobalSection(SolutionProperties) = preSolution
		HideSolutionNode = FALSE
	EndGlobalSection
	GlobalSection(ExtensibilityGlobals) = postSolution
		SolutionGuid = {7CF94A32-F9F2-47C7-93BD-A4C848E443D3}
	EndGlobalSection
EndGlobal
